
Microsoft Visual Studio Solution File, Format Version 12.00
# Visual Studio Version 17
VisualStudioVersion = 17.4.33213.308
MinimumVisualStudioVersion = 10.0.40219.1
Project("{2150E333-8FDC-42A3-9474-1A3956D46DE8}") = "FrontEnd", "FrontEnd", "{D9CC5930-660B-4D63-82BF-F393CD650751}"
EndProject
Project("{2150E333-8FDC-42A3-9474-1A3956D46DE8}") = "Services", "Services", "{1B45A04B-EE0A-460E-AC03-A2053DB24CDB}"
EndProject
Project("{9A19103F-16F7-4668-BE54-9A1E7A4F7556}") = "GeekShooping.Web", "GeekShooping.Web\GeekShooping.Web.csproj", "{9740DB9C-2AEA-44DF-9168-30E291B86B0B}"
EndProject
Project("{9A19103F-16F7-4668-BE54-9A1E7A4F7556}") = "GeekShooping.ProductAPI", "GeekShooping.ProductAPI\GeekShooping.ProductAPI.csproj", "{FF876A1D-52E1-4BBE-B20C-40F15C50F515}"
EndProject
Project("{9A19103F-16F7-4668-BE54-9A1E7A4F7556}") = "GeekShooping.IdentityServer", "GeekShooping.IdentityServer\GeekShooping.IdentityServer.csproj", "{45F25074-CFC2-4E2A-9753-ABD5BD610371}"
EndProject
Project("{9A19103F-16F7-4668-BE54-9A1E7A4F7556}") = "GeekShooping.CartAPI", "GeekShooping.CartAPI\GeekShooping.CartAPI.csproj", "{13BAEE25-98C9-4A7A-A180-1B2FF5351F4F}"
EndProject
Project("{9A19103F-16F7-4668-BE54-9A1E7A4F7556}") = "GeekShooping.CouponAPI", "GeekShooping.CouponAPI\GeekShooping.CouponAPI.csproj", "{D9ABAB83-2F8A-49CF-BD57-8ACCD7057912}"
EndProject
Project("{2150E333-8FDC-42A3-9474-1A3956D46DE8}") = "Integration", "Integration", "{D491CA3E-C4EC-410F-877D-5FEAE99965B4}"
EndProject
Project("{9A19103F-16F7-4668-BE54-9A1E7A4F7556}") = "GeekShooping.MessageBus", "GeekShooping.MessageBus\GeekShooping.MessageBus.csproj", "{E2794E45-541C-4384-B61B-14D913CBE143}"
EndProject
Project("{9A19103F-16F7-4668-BE54-9A1E7A4F7556}") = "GeekShooping.OrderAPI", "GeekShooping.OrderAPI\GeekShooping.OrderAPI.csproj", "{FE7B000B-1152-42FF-A8F1-BD04AE43A479}"
EndProject
Project("{2150E333-8FDC-42A3-9474-1A3956D46DE8}") = "Payments", "Payments", "{71EA9054-ECDF-4A86-AC5D-5F6AA2F41FCE}"
EndProject
Project("{FAE04EC0-301F-11D3-BF4B-00C04F79EFBC}") = "GeekShooping.PaymentProcessor", "GeekShooping.PaymentProcessor\GeekShooping.PaymentProcessor.csproj", "{37E9FC0A-56DA-486E-A1B0-6E700CF9C1E1}"
EndProject
Project("{FAE04EC0-301F-11D3-BF4B-00C04F79EFBC}") = "GeekShooping.PaymentAPI", "GeekShooping.PaymentAPI\GeekShooping.PaymentAPI.csproj", "{1B8A30E5-007A-4B9D-82C4-07123161E99B}"
EndProject
Global
	GlobalSection(SolutionConfigurationPlatforms) = preSolution
		Debug|Any CPU = Debug|Any CPU
		Release|Any CPU = Release|Any CPU
	EndGlobalSection
	GlobalSection(ProjectConfigurationPlatforms) = postSolution
		{9740DB9C-2AEA-44DF-9168-30E291B86B0B}.Debug|Any CPU.ActiveCfg = Debug|Any CPU
		{9740DB9C-2AEA-44DF-9168-30E291B86B0B}.Debug|Any CPU.Build.0 = Debug|Any CPU
		{9740DB9C-2AEA-44DF-9168-30E291B86B0B}.Release|Any CPU.ActiveCfg = Release|Any CPU
		{9740DB9C-2AEA-44DF-9168-30E291B86B0B}.Release|Any CPU.Build.0 = Release|Any CPU
		{FF876A1D-52E1-4BBE-B20C-40F15C50F515}.Debug|Any CPU.ActiveCfg = Debug|Any CPU
		{FF876A1D-52E1-4BBE-B20C-40F15C50F515}.Debug|Any CPU.Build.0 = Debug|Any CPU
		{FF876A1D-52E1-4BBE-B20C-40F15C50F515}.Release|Any CPU.ActiveCfg = Release|Any CPU
		{FF876A1D-52E1-4BBE-B20C-40F15C50F515}.Release|Any CPU.Build.0 = Release|Any CPU
		{45F25074-CFC2-4E2A-9753-ABD5BD610371}.Debug|Any CPU.ActiveCfg = Debug|Any CPU
		{45F25074-CFC2-4E2A-9753-ABD5BD610371}.Debug|Any CPU.Build.0 = Debug|Any CPU
		{45F25074-CFC2-4E2A-9753-ABD5BD610371}.Release|Any CPU.ActiveCfg = Release|Any CPU
		{45F25074-CFC2-4E2A-9753-ABD5BD610371}.Release|Any CPU.Build.0 = Release|Any CPU
		{13BAEE25-98C9-4A7A-A180-1B2FF5351F4F}.Debug|Any CPU.ActiveCfg = Debug|Any CPU
		{13BAEE25-98C9-4A7A-A180-1B2FF5351F4F}.Debug|Any CPU.Build.0 = Debug|Any CPU
		{13BAEE25-98C9-4A7A-A180-1B2FF5351F4F}.Release|Any CPU.ActiveCfg = Release|Any CPU
		{13BAEE25-98C9-4A7A-A180-1B2FF5351F4F}.Release|Any CPU.Build.0 = Release|Any CPU
		{D9ABAB83-2F8A-49CF-BD57-8ACCD7057912}.Debug|Any CPU.ActiveCfg = Debug|Any CPU
		{D9ABAB83-2F8A-49CF-BD57-8ACCD7057912}.Debug|Any CPU.Build.0 = Debug|Any CPU
		{D9ABAB83-2F8A-49CF-BD57-8ACCD7057912}.Release|Any CPU.ActiveCfg = Release|Any CPU
		{D9ABAB83-2F8A-49CF-BD57-8ACCD7057912}.Release|Any CPU.Build.0 = Release|Any CPU
		{E2794E45-541C-4384-B61B-14D913CBE143}.Debug|Any CPU.ActiveCfg = Debug|Any CPU
		{E2794E45-541C-4384-B61B-14D913CBE143}.Debug|Any CPU.Build.0 = Debug|Any CPU
		{E2794E45-541C-4384-B61B-14D913CBE143}.Release|Any CPU.ActiveCfg = Release|Any CPU
		{E2794E45-541C-4384-B61B-14D913CBE143}.Release|Any CPU.Build.0 = Release|Any CPU
		{FE7B000B-1152-42FF-A8F1-BD04AE43A479}.Debug|Any CPU.ActiveCfg = Debug|Any CPU
		{FE7B000B-1152-42FF-A8F1-BD04AE43A479}.Debug|Any CPU.Build.0 = Debug|Any CPU
		{FE7B000B-1152-42FF-A8F1-BD04AE43A479}.Release|Any CPU.ActiveCfg = Release|Any CPU
		{FE7B000B-1152-42FF-A8F1-BD04AE43A479}.Release|Any CPU.Build.0 = Release|Any CPU
		{37E9FC0A-56DA-486E-A1B0-6E700CF9C1E1}.Debug|Any CPU.ActiveCfg = Debug|Any CPU
		{37E9FC0A-56DA-486E-A1B0-6E700CF9C1E1}.Debug|Any CPU.Build.0 = Debug|Any CPU
		{37E9FC0A-56DA-486E-A1B0-6E700CF9C1E1}.Release|Any CPU.ActiveCfg = Release|Any CPU
		{37E9FC0A-56DA-486E-A1B0-6E700CF9C1E1}.Release|Any CPU.Build.0 = Release|Any CPU
		{1B8A30E5-007A-4B9D-82C4-07123161E99B}.Debug|Any CPU.ActiveCfg = Debug|Any CPU
		{1B8A30E5-007A-4B9D-82C4-07123161E99B}.Debug|Any CPU.Build.0 = Debug|Any CPU
		{1B8A30E5-007A-4B9D-82C4-07123161E99B}.Release|Any CPU.ActiveCfg = Release|Any CPU
		{1B8A30E5-007A-4B9D-82C4-07123161E99B}.Release|Any CPU.Build.0 = Release|Any CPU
	EndGlobalSection
	GlobalSection(SolutionProperties) = preSolution
		HideSolutionNode = FALSE
	EndGlobalSection
	GlobalSection(NestedProjects) = preSolution
		{9740DB9C-2AEA-44DF-9168-30E291B86B0B} = {D9CC5930-660B-4D63-82BF-F393CD650751}
		{FF876A1D-52E1-4BBE-B20C-40F15C50F515} = {1B45A04B-EE0A-460E-AC03-A2053DB24CDB}
		{45F25074-CFC2-4E2A-9753-ABD5BD610371} = {1B45A04B-EE0A-460E-AC03-A2053DB24CDB}
		{13BAEE25-98C9-4A7A-A180-1B2FF5351F4F} = {1B45A04B-EE0A-460E-AC03-A2053DB24CDB}
		{D9ABAB83-2F8A-49CF-BD57-8ACCD7057912} = {1B45A04B-EE0A-460E-AC03-A2053DB24CDB}
		{E2794E45-541C-4384-B61B-14D913CBE143} = {D491CA3E-C4EC-410F-877D-5FEAE99965B4}
		{FE7B000B-1152-42FF-A8F1-BD04AE43A479} = {1B45A04B-EE0A-460E-AC03-A2053DB24CDB}
		{37E9FC0A-56DA-486E-A1B0-6E700CF9C1E1} = {71EA9054-ECDF-4A86-AC5D-5F6AA2F41FCE}
		{1B8A30E5-007A-4B9D-82C4-07123161E99B} = {1B45A04B-EE0A-460E-AC03-A2053DB24CDB}
	EndGlobalSection
	GlobalSection(ExtensibilityGlobals) = postSolution
		SolutionGuid = {26C3C182-F9C4-44B8-9B82-E2D8AEF7A93F}
	EndGlobalSection
EndGlobal
